
Microsoft Visual Studio Solution File, Format Version 12.00
# Visual Studio Version 17
VisualStudioVersion = 17.7.34202.233
MinimumVisualStudioVersion = 10.0.40219.1
Project("{9A19103F-16F7-4668-BE54-9A1E7A4F7556}") = "IS", "IS\IS.csproj", "{686171CE-7353-4E19-B710-00ACA55ED61B}"
EndProject
Global
	GlobalSection(SolutionConfigurationPlatforms) = preSolution
		Debug|Any CPU = Debug|Any CPU
		Release|Any CPU = Release|Any CPU
	EndGlobalSection
	GlobalSection(ProjectConfigurationPlatforms) = postSolution
		{686171CE-7353-4E19-B710-00ACA55ED61B}.Debug|Any CPU.ActiveCfg = Debug|Any CPU
		{686171CE-7353-4E19-B710-00ACA55ED61B}.Debug|Any CPU.Build.0 = Debug|Any CPU
		{686171CE-7353-4E19-B710-00ACA55ED61B}.Release|Any CPU.ActiveCfg = Release|Any CPU
		{686171CE-7353-4E19-B710-00ACA55ED61B}.Release|Any CPU.Build.0 = Release|Any CPU
	EndGlobalSection
	GlobalSection(SolutionProperties) = preSolution
		HideSolutionNode = FALSE
	EndGlobalSection
	GlobalSection(ExtensibilityGlobals) = postSolution
		SolutionGuid = {6123DFCF-1C41-44F4-B156-A2BD2B045EF4}
	EndGlobalSection
EndGlobal
